
Microsoft Visual Studio Solution File, Format Version 12.00
# Visual Studio Version 17
VisualStudioVersion = 17.14.36301.6 d17.14
MinimumVisualStudioVersion = 10.0.40219.1
Project("{FAE04EC0-301F-11D3-BF4B-00C04F79EFBC}") = "Gestão de metas e Performance", "Gestão de metas e Performance.csproj", "{09DADE87-2E67-4FC6-AA94-1E8EC1C3B504}"
EndProject
Global
	GlobalSection(SolutionConfigurationPlatforms) = preSolution
		Debug|Any CPU = Debug|Any CPU
		Release|Any CPU = Release|Any CPU
	EndGlobalSection
	GlobalSection(ProjectConfigurationPlatforms) = postSolution
		{09DADE87-2E67-4FC6-AA94-1E8EC1C3B504}.Debug|Any CPU.ActiveCfg = Debug|Any CPU
		{09DADE87-2E67-4FC6-AA94-1E8EC1C3B504}.Debug|Any CPU.Build.0 = Debug|Any CPU
		{09DADE87-2E67-4FC6-AA94-1E8EC1C3B504}.Release|Any CPU.ActiveCfg = Release|Any CPU
		{09DADE87-2E67-4FC6-AA94-1E8EC1C3B504}.Release|Any CPU.Build.0 = Release|Any CPU
	EndGlobalSection
	GlobalSection(SolutionProperties) = preSolution
		HideSolutionNode = FALSE
	EndGlobalSection
	GlobalSection(ExtensibilityGlobals) = postSolution
		SolutionGuid = {082842DB-1A4A-4390-B318-96401103B16C}
	EndGlobalSection
EndGlobal
